
Microsoft Visual Studio Solution File, Format Version 12.00
# Visual Studio Version 17
VisualStudioVersion = 17.14.36705.20
MinimumVisualStudioVersion = 10.0.40219.1
Project("{FAE04EC0-301F-11D3-BF4B-00C04F79EFBC}") = "Isip_Beniamin_Lab2", "Isip_Beniamin_Lab2.csproj", "{286AB7F5-8059-4739-9139-04F1905A86A6}"
EndProject
Global
	GlobalSection(SolutionConfigurationPlatforms) = preSolution
		Debug|Any CPU = Debug|Any CPU
		Release|Any CPU = Release|Any CPU
	EndGlobalSection
	GlobalSection(ProjectConfigurationPlatforms) = postSolution
		{286AB7F5-8059-4739-9139-04F1905A86A6}.Debug|Any CPU.ActiveCfg = Debug|Any CPU
		{286AB7F5-8059-4739-9139-04F1905A86A6}.Debug|Any CPU.Build.0 = Debug|Any CPU
		{286AB7F5-8059-4739-9139-04F1905A86A6}.Release|Any CPU.ActiveCfg = Release|Any CPU
		{286AB7F5-8059-4739-9139-04F1905A86A6}.Release|Any CPU.Build.0 = Release|Any CPU
	EndGlobalSection
	GlobalSection(SolutionProperties) = preSolution
		HideSolutionNode = FALSE
	EndGlobalSection
	GlobalSection(ExtensibilityGlobals) = postSolution
		SolutionGuid = {602FF3A3-45AF-4C69-94F6-F9C180FDCEE9}
	EndGlobalSection
EndGlobal
